
Microsoft Visual Studio Solution File, Format Version 12.00
# Visual Studio Version 17
VisualStudioVersion = 17.14.37203.1 d17.14
MinimumVisualStudioVersion = 10.0.40219.1
Project("{FAE04EC0-301F-11D3-BF4B-00C04F79EFBC}") = "UnitTestsFundamentals", "UnitTestsFundamentals\UnitTestsFundamentals.csproj", "{42876D10-F26C-43DB-AF98-A68D0D39DC34}"
EndProject
Global
	GlobalSection(SolutionConfigurationPlatforms) = preSolution
		Debug|Any CPU = Debug|Any CPU
		Release|Any CPU = Release|Any CPU
	EndGlobalSection
	GlobalSection(ProjectConfigurationPlatforms) = postSolution
		{42876D10-F26C-43DB-AF98-A68D0D39DC34}.Debug|Any CPU.ActiveCfg = Debug|Any CPU
		{42876D10-F26C-43DB-AF98-A68D0D39DC34}.Debug|Any CPU.Build.0 = Debug|Any CPU
		{42876D10-F26C-43DB-AF98-A68D0D39DC34}.Release|Any CPU.ActiveCfg = Release|Any CPU
		{42876D10-F26C-43DB-AF98-A68D0D39DC34}.Release|Any CPU.Build.0 = Release|Any CPU
	EndGlobalSection
	GlobalSection(SolutionProperties) = preSolution
		HideSolutionNode = FALSE
	EndGlobalSection
	GlobalSection(ExtensibilityGlobals) = postSolution
		SolutionGuid = {DEE67CBE-2DF4-4537-BB37-626F37673688}
	EndGlobalSection
EndGlobal
